
Microsoft Visual Studio Solution File, Format Version 12.00
# Visual Studio Version 17
VisualStudioVersion = 17.1.32210.238
MinimumVisualStudioVersion = 10.0.40219.1
Project("{9A19103F-16F7-4668-BE54-9A1E7A4F7556}") = "IT499_Test_App", "IT499_Test_App.csproj", "{8ADADD77-3879-4934-AECC-B3E241C172C2}"
EndProject
Global
	GlobalSection(SolutionConfigurationPlatforms) = preSolution
		Debug|Any CPU = Debug|Any CPU
		Release|Any CPU = Release|Any CPU
	EndGlobalSection
	GlobalSection(ProjectConfigurationPlatforms) = postSolution
		{8ADADD77-3879-4934-AECC-B3E241C172C2}.Debug|Any CPU.ActiveCfg = Debug|Any CPU
		{8ADADD77-3879-4934-AECC-B3E241C172C2}.Debug|Any CPU.Build.0 = Debug|Any CPU
		{8ADADD77-3879-4934-AECC-B3E241C172C2}.Release|Any CPU.ActiveCfg = Release|Any CPU
		{8ADADD77-3879-4934-AECC-B3E241C172C2}.Release|Any CPU.Build.0 = Release|Any CPU
	EndGlobalSection
	GlobalSection(SolutionProperties) = preSolution
		HideSolutionNode = FALSE
	EndGlobalSection
	GlobalSection(ExtensibilityGlobals) = postSolution
		SolutionGuid = {03A4292C-D220-4EC9-91F8-2F204AC0130B}
	EndGlobalSection
EndGlobal
